
Microsoft Visual Studio Solution File, Format Version 12.00
# Visual Studio 14
VisualStudioVersion = 14.0.23107.0
MinimumVisualStudioVersion = 10.0.40219.1
Project("{EDCC3B85-0BAD-11DB-BC1A-00112FDE8B61}") = "PegExample", "PegExample\PegExample.nproj", "{86CB7098-AA06-4B83-9E64-43EDA97B95D6}"
EndProject
Project("{FAE04EC0-301F-11D3-BF4B-00C04F79EFBC}") = "JsonData", "JsonData\JsonData.csproj", "{F883AB6A-B159-4516-BF38-D7A538784075}"
EndProject
Project("{EDCC3B85-0BAD-11DB-BC1A-00112FDE8B61}") = "JsonParser", "JsonParser\JsonParser.nproj", "{F16A1335-37E5-4305-B41E-AE61A96943DE}"
EndProject
Project("{FAE04EC0-301F-11D3-BF4B-00C04F79EFBC}") = "JsonUser", "JsonUser\JsonUser.csproj", "{2C6DAE0F-5368-4E1D-8E6A-F56E37D0AB19}"
EndProject
Global
	GlobalSection(SolutionConfigurationPlatforms) = preSolution
		Debug|Any CPU = Debug|Any CPU
		Release|Any CPU = Release|Any CPU
	EndGlobalSection
	GlobalSection(ProjectConfigurationPlatforms) = postSolution
		{86CB7098-AA06-4B83-9E64-43EDA97B95D6}.Debug|Any CPU.ActiveCfg = Debug|Any CPU
		{86CB7098-AA06-4B83-9E64-43EDA97B95D6}.Debug|Any CPU.Build.0 = Debug|Any CPU
		{86CB7098-AA06-4B83-9E64-43EDA97B95D6}.Release|Any CPU.ActiveCfg = Release|Any CPU
		{86CB7098-AA06-4B83-9E64-43EDA97B95D6}.Release|Any CPU.Build.0 = Release|Any CPU
		{F883AB6A-B159-4516-BF38-D7A538784075}.Debug|Any CPU.ActiveCfg = Debug|Any CPU
		{F883AB6A-B159-4516-BF38-D7A538784075}.Debug|Any CPU.Build.0 = Debug|Any CPU
		{F883AB6A-B159-4516-BF38-D7A538784075}.Release|Any CPU.ActiveCfg = Release|Any CPU
		{F883AB6A-B159-4516-BF38-D7A538784075}.Release|Any CPU.Build.0 = Release|Any CPU
		{F16A1335-37E5-4305-B41E-AE61A96943DE}.Debug|Any CPU.ActiveCfg = Debug|Any CPU
		{F16A1335-37E5-4305-B41E-AE61A96943DE}.Debug|Any CPU.Build.0 = Debug|Any CPU
		{F16A1335-37E5-4305-B41E-AE61A96943DE}.Release|Any CPU.ActiveCfg = Release|Any CPU
		{F16A1335-37E5-4305-B41E-AE61A96943DE}.Release|Any CPU.Build.0 = Release|Any CPU
		{2C6DAE0F-5368-4E1D-8E6A-F56E37D0AB19}.Debug|Any CPU.ActiveCfg = Debug|Any CPU
		{2C6DAE0F-5368-4E1D-8E6A-F56E37D0AB19}.Debug|Any CPU.Build.0 = Debug|Any CPU
		{2C6DAE0F-5368-4E1D-8E6A-F56E37D0AB19}.Release|Any CPU.ActiveCfg = Release|Any CPU
		{2C6DAE0F-5368-4E1D-8E6A-F56E37D0AB19}.Release|Any CPU.Build.0 = Release|Any CPU
	EndGlobalSection
	GlobalSection(SolutionProperties) = preSolution
		HideSolutionNode = FALSE
	EndGlobalSection
EndGlobal
